# THIS IS AN AUTOGENERATED FILE. DO NOT EDIT THIS FILE DIRECTLY.
# yarn lockfile v1


"@nestjs/jwt@^10.1.1":
  version "10.1.1"
  resolved "https://registry.yarnpkg.com/@nestjs/jwt/-/jwt-10.1.1.tgz#6a564ef3b5a5e7d8d34d78f1ceb23c1523cdb9e7"
  integrity sha512-sISYylg8y1Mb7saxPx5Zh11i7v9JOh70CEC/rN6g43MrbFlJ57c1eYFrffxip1YAx3DmV4K67yXob3syKZMOew==
  dependencies:
    "@types/jsonwebtoken" "9.0.2"
    jsonwebtoken "9.0.0"

"@nestjs/passport@^10.0.2":
  version "10.0.2"
  resolved "https://registry.yarnpkg.com/@nestjs/passport/-/passport-10.0.2.tgz#42ad193bccec3c332ac8b5e04cf6897bd57500fb"
  integrity sha512-od31vfB2z3y05IDB5dWSbCGE2+pAf2k2WCBinNuTTOxN0O0+wtO1L3kawj/aCW3YR9uxsTOVbTDwtwgpNNsnjQ==

"@types/bcrypt@^5.0.0":
  version "5.0.0"
  resolved "https://registry.yarnpkg.com/@types/bcrypt/-/bcrypt-5.0.0.tgz#a835afa2882d165aff5690893db314eaa98b9f20"
  integrity sha512-agtcFKaruL8TmcvqbndlqHPSJgsolhf/qPWchFlgnW1gECTN/nKbFcoFnvKAQRFfKbh+BO6A3SWdJu9t+xF3Lw==
  dependencies:
    "@types/node" "*"

"@types/body-parser@*":
  version "1.19.3"
  resolved "https://registry.yarnpkg.com/@types/body-parser/-/body-parser-1.19.3.tgz#fb558014374f7d9e56c8f34bab2042a3a07d25cd"
  integrity sha512-oyl4jvAfTGX9Bt6Or4H9ni1Z447/tQuxnZsytsCaExKlmJiU8sFgnIBRzJUpKwB5eWn9HuBYlUlVA74q/yN0eQ==
  dependencies:
    "@types/connect" "*"
    "@types/node" "*"

"@types/connect@*":
  version "3.4.36"
  resolved "https://registry.yarnpkg.com/@types/connect/-/connect-3.4.36.tgz#e511558c15a39cb29bd5357eebb57bd1459cd1ab"
  integrity sha512-P63Zd/JUGq+PdrM1lv0Wv5SBYeA2+CORvbrXbngriYY0jzLUWfQMQQxOhjONEz/wlHOAxOdY7CY65rgQdTjq2w==
  dependencies:
    "@types/node" "*"

"@types/express-serve-static-core@^4.17.33":
  version "4.17.37"
  resolved "https://registry.yarnpkg.com/@types/express-serve-static-core/-/express-serve-static-core-4.17.37.tgz#7e4b7b59da9142138a2aaa7621f5abedce8c7320"
  integrity sha512-ZohaCYTgGFcOP7u6aJOhY9uIZQgZ2vxC2yWoArY+FeDXlqeH66ZVBjgvg+RLVAS/DWNq4Ap9ZXu1+SUQiiWYMg==
  dependencies:
    "@types/node" "*"
    "@types/qs" "*"
    "@types/range-parser" "*"
    "@types/send" "*"

"@types/express@*":
  version "4.17.19"
  resolved "https://registry.yarnpkg.com/@types/express/-/express-4.17.19.tgz#6ff9b4851fda132c5d3dcd2f89fdb6a7a0031ced"
  integrity sha512-UtOfBtzN9OvpZPPbnnYunfjM7XCI4jyk1NvnFhTVz5krYAnW4o5DCoIekvms+8ApqhB4+9wSge1kBijdfTSmfg==
  dependencies:
    "@types/body-parser" "*"
    "@types/express-serve-static-core" "^4.17.33"
    "@types/qs" "*"
    "@types/serve-static" "*"

"@types/http-errors@*":
  version "2.0.2"
  resolved "https://registry.yarnpkg.com/@types/http-errors/-/http-errors-2.0.2.tgz#a86e00bbde8950364f8e7846687259ffcd96e8c2"
  integrity sha512-lPG6KlZs88gef6aD85z3HNkztpj7w2R7HmR3gygjfXCQmsLloWNARFkMuzKiiY8FGdh1XDpgBdrSf4aKDiA7Kg==

"@types/jsonwebtoken@*":
  version "9.0.3"
  resolved "https://registry.yarnpkg.com/@types/jsonwebtoken/-/jsonwebtoken-9.0.3.tgz#1f22283b8e1f933af9e195d720798b64b399d84c"
  integrity sha512-b0jGiOgHtZ2jqdPgPnP6WLCXZk1T8p06A/vPGzUvxpFGgKMbjXJDjC5m52ErqBnIuWZFgGoIJyRdeG5AyreJjA==
  dependencies:
    "@types/node" "*"

"@types/jsonwebtoken@9.0.2":
  version "9.0.2"
  resolved "https://registry.yarnpkg.com/@types/jsonwebtoken/-/jsonwebtoken-9.0.2.tgz#9eeb56c76dd555039be2a3972218de5bd3b8d83e"
  integrity sha512-drE6uz7QBKq1fYqqoFKTDRdFCPHd5TCub75BM+D+cMx7NU9hUz7SESLfC2fSCXVFMO5Yj8sOWHuGqPgjc+fz0Q==
  dependencies:
    "@types/node" "*"

"@types/mime@*":
  version "3.0.2"
  resolved "https://registry.yarnpkg.com/@types/mime/-/mime-3.0.2.tgz#c1ae807f13d308ee7511a5b81c74f327028e66e8"
  integrity sha512-Wj+fqpTLtTbG7c0tH47dkahefpLKEbB+xAZuLq7b4/IDHPl/n6VoXcyUQ2bypFlbSwvCr0y+bD4euTTqTJsPxQ==

"@types/mime@^1":
  version "1.3.3"
  resolved "https://registry.yarnpkg.com/@types/mime/-/mime-1.3.3.tgz#bbe64987e0eb05de150c305005055c7ad784a9ce"
  integrity sha512-Ys+/St+2VF4+xuY6+kDIXGxbNRO0mesVg0bbxEfB97Od1Vjpjx9KD1qxs64Gcb3CWPirk9Xe+PT4YiiHQ9T+eg==

"@types/node@*":
  version "20.8.6"
  resolved "https://registry.yarnpkg.com/@types/node/-/node-20.8.6.tgz#0dbd4ebcc82ad0128df05d0e6f57e05359ee47fa"
  integrity sha512-eWO4K2Ji70QzKUqRy6oyJWUeB7+g2cRagT3T/nxYibYcT4y2BDL8lqolRXjTHmkZCdJfIPaY73KbJAZmcryxTQ==
  dependencies:
    undici-types "~5.25.1"

"@types/passport-jwt@^3.0.10":
  version "3.0.10"
  resolved "https://registry.yarnpkg.com/@types/passport-jwt/-/passport-jwt-3.0.10.tgz#26ad3c62b51a3e61774c44070bfe0bb663ffa1d6"
  integrity sha512-D2A911g2uiFsq/XXFBxQjcBcK4c6zPF2gAx9blEfz2AOXx5UUwsd8ZcMTcPe8z9dhW8LQBYLjv+vug2dvnRevA==
  dependencies:
    "@types/express" "*"
    "@types/jsonwebtoken" "*"
    "@types/passport-strategy" "*"

"@types/passport-local@^1.0.36":
  version "1.0.36"
  resolved "https://registry.yarnpkg.com/@types/passport-local/-/passport-local-1.0.36.tgz#073129b332ee4f4596b5f51e73dce3618e1c333d"
  integrity sha512-NoL8ynRuzZHw/xUkLOTCscykNYlu6EasXKrGizF0ibMB+vq//big56+jgS2jtd9DZwL7q5fSJZDrZusex72Fjg==
  dependencies:
    "@types/express" "*"
    "@types/passport" "*"
    "@types/passport-strategy" "*"

"@types/passport-strategy@*":
  version "0.2.36"
  resolved "https://registry.yarnpkg.com/@types/passport-strategy/-/passport-strategy-0.2.36.tgz#aaf10153baf4560fa035456c45cc2b9d8c973584"
  integrity sha512-hotVZuaCt04LJYXfZD5B+5UeCcRVG8IjKaLLGTJ1eFp0wiFQA2XfsqslGGInWje+OysNNLPH/ducce5GXHDC1Q==
  dependencies:
    "@types/express" "*"
    "@types/passport" "*"

"@types/passport@*":
  version "1.0.13"
  resolved "https://registry.yarnpkg.com/@types/passport/-/passport-1.0.13.tgz#0ca6a316dce33abe0f5bab8b02319b824fc5b4c4"
  integrity sha512-XXURryL+EZAWtbQFOHX1eNB+RJwz5XMPPz1xrGpEKr2xUZCXM4NCPkHMtZQ3B2tTSG/1IRaAcTHjczRA4sSFCw==
  dependencies:
    "@types/express" "*"

"@types/qs@*":
  version "6.9.8"
  resolved "https://registry.yarnpkg.com/@types/qs/-/qs-6.9.8.tgz#f2a7de3c107b89b441e071d5472e6b726b4adf45"
  integrity sha512-u95svzDlTysU5xecFNTgfFG5RUWu1A9P0VzgpcIiGZA9iraHOdSzcxMxQ55DyeRaGCSxQi7LxXDI4rzq/MYfdg==

"@types/range-parser@*":
  version "1.2.5"
  resolved "https://registry.yarnpkg.com/@types/range-parser/-/range-parser-1.2.5.tgz#38bd1733ae299620771bd414837ade2e57757498"
  integrity sha512-xrO9OoVPqFuYyR/loIHjnbvvyRZREYKLjxV4+dY6v3FQR3stQ9ZxIGkaclF7YhI9hfjpuTbu14hZEy94qKLtOA==

"@types/send@*":
  version "0.17.2"
  resolved "https://registry.yarnpkg.com/@types/send/-/send-0.17.2.tgz#af78a4495e3c2b79bfbdac3955fdd50e03cc98f2"
  integrity sha512-aAG6yRf6r0wQ29bkS+x97BIs64ZLxeE/ARwyS6wrldMm3C1MdKwCcnnEwMC1slI8wuxJOpiUH9MioC0A0i+GJw==
  dependencies:
    "@types/mime" "^1"
    "@types/node" "*"

"@types/serve-static@*":
  version "1.15.3"
  resolved "https://registry.yarnpkg.com/@types/serve-static/-/serve-static-1.15.3.tgz#2cfacfd1fd4520bbc3e292cca432d5e8e2e3ee61"
  integrity sha512-yVRvFsEMrv7s0lGhzrggJjNOSmZCdgCjw9xWrPr/kNNLp6FaDfMC1KaYl3TSJ0c58bECwNBMoQrZJ8hA8E1eFg==
  dependencies:
    "@types/http-errors" "*"
    "@types/mime" "*"
    "@types/node" "*"

bcryptjs@^2.4.3:
  version "2.4.3"
  resolved "https://registry.yarnpkg.com/bcryptjs/-/bcryptjs-2.4.3.tgz#9ab5627b93e60621ff7cdac5da9733027df1d0cb"
  integrity sha512-V/Hy/X9Vt7f3BbPJEi8BdVFMByHi+jNXrYkW3huaybV/kQ0KJg0Y6PkEMbn+zeT+i+SiKZ/HMqJGIIt4LZDqNQ==

buffer-equal-constant-time@1.0.1:
  version "1.0.1"
  resolved "https://registry.yarnpkg.com/buffer-equal-constant-time/-/buffer-equal-constant-time-1.0.1.tgz#f8e71132f7ffe6e01a5c9697a4c6f3e48d5cc819"
  integrity sha512-zRpUiDwd/xk6ADqPMATG8vc9VPrkck7T07OIx0gnjmJAnHnTVXNQG3vfvWNuiZIkwu9KrKdA1iJKfsfTVxE6NA==

ecdsa-sig-formatter@1.0.11:
  version "1.0.11"
  resolved "https://registry.yarnpkg.com/ecdsa-sig-formatter/-/ecdsa-sig-formatter-1.0.11.tgz#ae0f0fa2d85045ef14a817daa3ce9acd0489e5bf"
  integrity sha512-nagl3RYrbNv6kQkeJIpt6NJZy8twLB/2vtz6yN9Z4vRKHN4/QZJIEbqohALSgwKdnksuY3k5Addp5lg8sVoVcQ==
  dependencies:
    safe-buffer "^5.0.1"

jsonwebtoken@9.0.0:
  version "9.0.0"
  resolved "https://registry.yarnpkg.com/jsonwebtoken/-/jsonwebtoken-9.0.0.tgz#d0faf9ba1cc3a56255fe49c0961a67e520c1926d"
  integrity sha512-tuGfYXxkQGDPnLJ7SibiQgVgeDgfbPq2k2ICcbgqW8WxWLBAxKQM/ZCu/IT8SOSwmaYl4dpTFCW5xZv7YbbWUw==
  dependencies:
    jws "^3.2.2"
    lodash "^4.17.21"
    ms "^2.1.1"
    semver "^7.3.8"

jsonwebtoken@^9.0.0:
  version "9.0.2"
  resolved "https://registry.yarnpkg.com/jsonwebtoken/-/jsonwebtoken-9.0.2.tgz#65ff91f4abef1784697d40952bb1998c504caaf3"
  integrity sha512-PRp66vJ865SSqOlgqS8hujT5U4AOgMfhrwYIuIhfKaoSCZcirrmASQr8CX7cUg+RMih+hgznrjp99o+W4pJLHQ==
  dependencies:
    jws "^3.2.2"
    lodash.includes "^4.3.0"
    lodash.isboolean "^3.0.3"
    lodash.isinteger "^4.0.4"
    lodash.isnumber "^3.0.3"
    lodash.isplainobject "^4.0.6"
    lodash.isstring "^4.0.1"
    lodash.once "^4.0.0"
    ms "^2.1.1"
    semver "^7.5.4"

jwa@^1.4.1:
  version "1.4.1"
  resolved "https://registry.yarnpkg.com/jwa/-/jwa-1.4.1.tgz#743c32985cb9e98655530d53641b66c8645b039a"
  integrity sha512-qiLX/xhEEFKUAJ6FiBMbes3w9ATzyk5W7Hvzpa/SLYdxNtng+gcurvrI7TbACjIXlsJyr05/S1oUhZrc63evQA==
  dependencies:
    buffer-equal-constant-time "1.0.1"
    ecdsa-sig-formatter "1.0.11"
    safe-buffer "^5.0.1"

jws@^3.2.2:
  version "3.2.2"
  resolved "https://registry.yarnpkg.com/jws/-/jws-3.2.2.tgz#001099f3639468c9414000e99995fa52fb478304"
  integrity sha512-YHlZCB6lMTllWDtSPHz/ZXTsi8S00usEV6v1tjq8tOUZzw7DpSDWVXjXDre6ed1w/pd495ODpHZYSdkRTsa0HA==
  dependencies:
    jwa "^1.4.1"
    safe-buffer "^5.0.1"

lodash.includes@^4.3.0:
  version "4.3.0"
  resolved "https://registry.yarnpkg.com/lodash.includes/-/lodash.includes-4.3.0.tgz#60bb98a87cb923c68ca1e51325483314849f553f"
  integrity sha512-W3Bx6mdkRTGtlJISOvVD/lbqjTlPPUDTMnlXZFnVwi9NKJ6tiAk6LVdlhZMm17VZisqhKcgzpO5Wz91PCt5b0w==

lodash.isboolean@^3.0.3:
  version "3.0.3"
  resolved "https://registry.yarnpkg.com/lodash.isboolean/-/lodash.isboolean-3.0.3.tgz#6c2e171db2a257cd96802fd43b01b20d5f5870f6"
  integrity sha512-Bz5mupy2SVbPHURB98VAcw+aHh4vRV5IPNhILUCsOzRmsTmSQ17jIuqopAentWoehktxGd9e/hbIXq980/1QJg==

lodash.isinteger@^4.0.4:
  version "4.0.4"
  resolved "https://registry.yarnpkg.com/lodash.isinteger/-/lodash.isinteger-4.0.4.tgz#619c0af3d03f8b04c31f5882840b77b11cd68343"
  integrity sha512-DBwtEWN2caHQ9/imiNeEA5ys1JoRtRfY3d7V9wkqtbycnAmTvRRmbHKDV4a0EYc678/dia0jrte4tjYwVBaZUA==

lodash.isnumber@^3.0.3:
  version "3.0.3"
  resolved "https://registry.yarnpkg.com/lodash.isnumber/-/lodash.isnumber-3.0.3.tgz#3ce76810c5928d03352301ac287317f11c0b1ffc"
  integrity sha512-QYqzpfwO3/CWf3XP+Z+tkQsfaLL/EnUlXWVkIk5FUPc4sBdTehEqZONuyRt2P67PXAk+NXmTBcc97zw9t1FQrw==

lodash.isplainobject@^4.0.6:
  version "4.0.6"
  resolved "https://registry.yarnpkg.com/lodash.isplainobject/-/lodash.isplainobject-4.0.6.tgz#7c526a52d89b45c45cc690b88163be0497f550cb"
  integrity sha512-oSXzaWypCMHkPC3NvBEaPHf0KsA5mvPrOPgQWDsbg8n7orZ290M0BmC/jgRZ4vcJ6DTAhjrsSYgdsW/F+MFOBA==

lodash.isstring@^4.0.1:
  version "4.0.1"
  resolved "https://registry.yarnpkg.com/lodash.isstring/-/lodash.isstring-4.0.1.tgz#d527dfb5456eca7cc9bb95d5daeaf88ba54a5451"
  integrity sha512-0wJxfxH1wgO3GrbuP+dTTk7op+6L41QCXbGINEmD+ny/G/eCqGzxyCsh7159S+mgDDcoarnBw6PC1PS5+wUGgw==

lodash.once@^4.0.0:
  version "4.1.1"
  resolved "https://registry.yarnpkg.com/lodash.once/-/lodash.once-4.1.1.tgz#0dd3971213c7c56df880977d504c88fb471a97ac"
  integrity sha512-Sb487aTOCr9drQVL8pIxOzVhafOjZN9UU54hiN8PU3uAiSV7lx1yYNpbNmex2PK6dSJoNTSJUUswT651yww3Mg==

lodash@^4.17.21:
  version "4.17.21"
  resolved "https://registry.yarnpkg.com/lodash/-/lodash-4.17.21.tgz#679591c564c3bffaae8454cf0b3df370c3d6911c"
  integrity sha512-v2kDEe57lecTulaDIuNTPy3Ry4gLGJ6Z1O3vE1krgXZNrsQ+LFTGHVxVjcXPs17LhbZVGedAJv8XZ1tvj5FvSg==

lru-cache@^6.0.0:
  version "6.0.0"
  resolved "https://registry.yarnpkg.com/lru-cache/-/lru-cache-6.0.0.tgz#6d6fe6570ebd96aaf90fcad1dafa3b2566db3a94"
  integrity sha512-Jo6dJ04CmSjuznwJSS3pUeWmd/H0ffTlkXXgwZi+eq1UCmqQwCh+eLsYOYCwY991i2Fah4h1BEMCx4qThGbsiA==
  dependencies:
    yallist "^4.0.0"

ms@^2.1.1:
  version "2.1.3"
  resolved "https://registry.yarnpkg.com/ms/-/ms-2.1.3.tgz#574c8138ce1d2b5861f0b44579dbadd60c6615b2"
  integrity sha512-6FlzubTLZG3J2a/NVCAleEhjzq5oxgHyaCU9yYXvcLsvoVaHJq/s5xXI6/XXP6tz7R9xAOtHnSO/tXtF3WRTlA==

passport-jwt@^4.0.1:
  version "4.0.1"
  resolved "https://registry.yarnpkg.com/passport-jwt/-/passport-jwt-4.0.1.tgz#c443795eff322c38d173faa0a3c481479646ec3d"
  integrity sha512-UCKMDYhNuGOBE9/9Ycuoyh7vP6jpeTp/+sfMJl7nLff/t6dps+iaeE0hhNkKN8/HZHcJ7lCdOyDxHdDoxoSvdQ==
  dependencies:
    jsonwebtoken "^9.0.0"
    passport-strategy "^1.0.0"

passport-local@^1.0.0:
  version "1.0.0"
  resolved "https://registry.yarnpkg.com/passport-local/-/passport-local-1.0.0.tgz#1fe63268c92e75606626437e3b906662c15ba6ee"
  integrity sha512-9wCE6qKznvf9mQYYbgJ3sVOHmCWoUNMVFoZzNoznmISbhnNNPhN9xfY3sLmScHMetEJeoY7CXwfhCe7argfQow==
  dependencies:
    passport-strategy "1.x.x"

passport-strategy@1.x.x, passport-strategy@^1.0.0:
  version "1.0.0"
  resolved "https://registry.yarnpkg.com/passport-strategy/-/passport-strategy-1.0.0.tgz#b5539aa8fc225a3d1ad179476ddf236b440f52e4"
  integrity sha512-CB97UUvDKJde2V0KDWWB3lyf6PC3FaZP7YxZ2G8OAtn9p4HI9j9JLP9qjOGZFvyl8uwNT8qM+hGnz/n16NI7oA==

passport@^0.6.0:
  version "0.6.0"
  resolved "https://registry.yarnpkg.com/passport/-/passport-0.6.0.tgz#e869579fab465b5c0b291e841e6cc95c005fac9d"
  integrity sha512-0fe+p3ZnrWRW74fe8+SvCyf4a3Pb2/h7gFkQ8yTJpAO50gDzlfjZUZTO1k5Eg9kUct22OxHLqDZoKUWRHOh9ug==
  dependencies:
    passport-strategy "1.x.x"
    pause "0.0.1"
    utils-merge "^1.0.1"

pause@0.0.1:
  version "0.0.1"
  resolved "https://registry.yarnpkg.com/pause/-/pause-0.0.1.tgz#1d408b3fdb76923b9543d96fb4c9dfd535d9cb5d"
  integrity sha512-KG8UEiEVkR3wGEb4m5yZkVCzigAD+cVEJck2CzYZO37ZGJfctvVptVO192MwrtPhzONn6go8ylnOdMhKqi4nfg==

safe-buffer@^5.0.1:
  version "5.2.1"
  resolved "https://registry.yarnpkg.com/safe-buffer/-/safe-buffer-5.2.1.tgz#1eaf9fa9bdb1fdd4ec75f58f9cdb4e6b7827eec6"
  integrity sha512-rp3So07KcdmmKbGvgaNxQSJr7bGVSVk5S9Eq1F+ppbRo70+YeaDxkw5Dd8NPN+GD6bjnYm2VuPuCXmpuYvmCXQ==

semver@^7.3.8, semver@^7.5.4:
  version "7.5.4"
  resolved "https://registry.yarnpkg.com/semver/-/semver-7.5.4.tgz#483986ec4ed38e1c6c48c34894a9182dbff68a6e"
  integrity sha512-1bCSESV6Pv+i21Hvpxp3Dx+pSD8lIPt8uVjRrxAUt/nbswYc+tK6Y2btiULjd4+fnq15PX+nqQDC7Oft7WkwcA==
  dependencies:
    lru-cache "^6.0.0"

undici-types@~5.25.1:
  version "5.25.3"
  resolved "https://registry.yarnpkg.com/undici-types/-/undici-types-5.25.3.tgz#e044115914c85f0bcbb229f346ab739f064998c3"
  integrity sha512-Ga1jfYwRn7+cP9v8auvEXN1rX3sWqlayd4HP7OKk4mZWylEmu3KzXDUGrQUN6Ol7qo1gPvB2e5gX6udnyEPgdA==

utils-merge@^1.0.1:
  version "1.0.1"
  resolved "https://registry.yarnpkg.com/utils-merge/-/utils-merge-1.0.1.tgz#9f95710f50a267947b2ccc124741c1028427e713"
  integrity sha512-pMZTvIkT1d+TFGvDOqodOclx0QWkkgi6Tdoa8gC8ffGAAqz9pzPTZWAybbsHHoED/ztMtkv/VoYTYyShUn81hA==

yallist@^4.0.0:
  version "4.0.0"
  resolved "https://registry.yarnpkg.com/yallist/-/yallist-4.0.0.tgz#9bb92790d9c0effec63be73519e11a35019a3a72"
  integrity sha512-3wdGidZyq5PB084XLES5TpOSRA3wjXAlIWMhum2kRcv/41Sn2emQ0dycQW4uZXLejwKvg6EsvbdlVL+FYEct7A==
